<?xml version="1.0" encoding="utf-8"?>
<Project ToolsVersion="4.0" xmlns="http://schemas.microsoft.com/developer/msbuild/2003">
  <ItemGroup>
    <ClInclude Include="$(MSBuildThisFileDirectory)pch.h" />
    <ClInclude Include="$(MSBuildThisFileDirectory)..\..\..\..\core\AnimList.h">
      <Filter>core</Filter>
    </ClInclude>
    <ClInclude Include="$(MSBuildThisFileDirectory)..\..\..\..\core\Matrix.h">
      <Filter>core</Filter>
    </ClInclude>
    <ClInclude Include="$(MSBuildThisFileDirectory)..\..\..\..\core\MigConst.h">
      <Filter>core</Filter>
    </ClInclude>
    <ClInclude Include="$(MSBuildThisFileDirectory)..\..\..\..\core\MigDefines.h">
      <Filter>core</Filter>
    </ClInclude>
    <ClInclude Include="$(MSBuildThisFileDirectory)..\..\..\..\core\MigGame.h">
      <Filter>core</Filter>
    </ClInclude>
    <ClInclude Include="$(MSBuildThisFileDirectory)..\..\..\..\core\MigInclude.h">
      <Filter>core</Filter>
    </ClInclude>
    <ClInclude Include="$(MSBuildThisFileDirectory)..\..\..\..\core\MigUtil.h">
      <Filter>core</Filter>
    </ClInclude>
    <ClInclude Include="$(MSBuildThisFileDirectory)..\..\..\..\core\Object.h">
      <Filter>core</Filter>
    </ClInclude>
    <ClInclude Include="$(MSBuildThisFileDirectory)..\..\..\..\core\RenderBase.h">
      <Filter>core</Filter>
    </ClInclude>
    <ClInclude Include="$(MSBuildThisFileDirectory)..\..\..\..\core\Shader.h">
      <Filter>core</Filter>
    </ClInclude>
    <ClInclude Include="$(MSBuildThisFileDirectory)..\..\..\..\core\Timer.h">
      <Filter>core</Filter>
    </ClInclude>
    <ClInclude Include="$(MSBuildThisFileDirectory)..\..\..\..\windows\DxDefines.h">
      <Filter>windows</Filter>
    </ClInclude>
    <ClInclude Include="$(MSBuildThisFileDirectory)..\..\..\..\windows\DxMatrix.h">
      <Filter>windows</Filter>
    </ClInclude>
    <ClInclude Include="$(MSBuildThisFileDirectory)..\..\..\..\windows\DxObject.h">
      <Filter>windows</Filter>
    </ClInclude>
    <ClInclude Include="$(MSBuildThisFileDirectory)..\..\..\..\windows\DxRender.h">
      <Filter>windows</Filter>
    </ClInclude>
    <ClInclude Include="$(MSBuildThisFileDirectory)..\..\..\..\windows\DxShader.h">
      <Filter>windows</Filter>
    </ClInclude>
    <ClInclude Include="$(MSBuildThisFileDirectory)..\..\..\..\windows\WinApp.h">
      <Filter>windows</Filter>
    </ClInclude>
    <ClInclude Include="$(MSBuildThisFileDirectory)..\..\..\cube.h" />
    <ClInclude Include="$(MSBuildThisFileDirectory)..\..\..\main.h" />
    <ClInclude Include="$(MSBuildThisFileDirectory)..\..\..\texture.h" />
    <ClInclude Include="$(MSBuildThisFileDirectory)..\..\..\..\windows\DxImage.h">
      <Filter>windows</Filter>
    </ClInclude>
    <ClInclude Include="$(MSBuildThisFileDirectory)..\..\..\..\core\Image.h">
      <Filter>core</Filter>
    </ClInclude>
    <ClInclude Include="$(MSBuildThisFileDirectory)..\..\..\..\core\libjpeg\jconfig.h">
      <Filter>libjpeg</Filter>
    </ClInclude>
    <ClInclude Include="$(MSBuildThisFileDirectory)..\..\..\..\core\libjpeg\jdct.h">
      <Filter>libjpeg</Filter>
    </ClInclude>
    <ClInclude Include="$(MSBuildThisFileDirectory)..\..\..\..\core\libjpeg\jerror.h">
      <Filter>libjpeg</Filter>
    </ClInclude>
    <ClInclude Include="$(MSBuildThisFileDirectory)..\..\..\..\core\libjpeg\jinclude.h">
      <Filter>libjpeg</Filter>
    </ClInclude>
    <ClInclude Include="$(MSBuildThisFileDirectory)..\..\..\..\core\libjpeg\jmemsys.h">
      <Filter>libjpeg</Filter>
    </ClInclude>
    <ClInclude Include="$(MSBuildThisFileDirectory)..\..\..\..\core\libjpeg\jmorecfg.h">
      <Filter>libjpeg</Filter>
    </ClInclude>
    <ClInclude Include="$(MSBuildThisFileDirectory)..\..\..\..\core\libjpeg\jpegint.h">
      <Filter>libjpeg</Filter>
    </ClInclude>
    <ClInclude Include="$(MSBuildThisFileDirectory)..\..\..\..\core\libjpeg\jpeglib.h">
      <Filter>libjpeg</Filter>
    </ClInclude>
    <ClInclude Include="$(MSBuildThisFileDirectory)..\..\..\..\core\libjpeg\jversion.h">
      <Filter>libjpeg</Filter>
    </ClInclude>
    <ClInclude Include="$(MSBuildThisFileDirectory)..\..\..\..\core\libpng\png.h">
      <Filter>libpng</Filter>
    </ClInclude>
    <ClInclude Include="$(MSBuildThisFileDirectory)..\..\..\..\core\libpng\pngconf.h">
      <Filter>libpng</Filter>
    </ClInclude>
    <ClInclude Include="$(MSBuildThisFileDirectory)..\..\..\..\core\libpng\pngdebug.h">
      <Filter>libpng</Filter>
    </ClInclude>
    <ClInclude Include="$(MSBuildThisFileDirectory)..\..\..\..\core\libpng\pnginfo.h">
      <Filter>libpng</Filter>
    </ClInclude>
    <ClInclude Include="$(MSBuildThisFileDirectory)..\..\..\..\core\libpng\pnglibconf.h">
      <Filter>libpng</Filter>
    </ClInclude>
    <ClInclude Include="$(MSBuildThisFileDirectory)..\..\..\..\core\libpng\pngpriv.h">
      <Filter>libpng</Filter>
    </ClInclude>
    <ClInclude Include="$(MSBuildThisFileDirectory)..\..\..\..\core\libpng\pngstruct.h">
      <Filter>libpng</Filter>
    </ClInclude>
    <ClInclude Include="$(MSBuildThisFileDirectory)..\..\..\..\core\zlib\crc32.h">
      <Filter>zlib</Filter>
    </ClInclude>
    <ClInclude Include="$(MSBuildThisFileDirectory)..\..\..\..\core\zlib\deflate.h">
      <Filter>zlib</Filter>
    </ClInclude>
    <ClInclude Include="$(MSBuildThisFileDirectory)..\..\..\..\core\zlib\gzguts.h">
      <Filter>zlib</Filter>
    </ClInclude>
    <ClInclude Include="$(MSBuildThisFileDirectory)..\..\..\..\core\zlib\inffast.h">
      <Filter>zlib</Filter>
    </ClInclude>
    <ClInclude Include="$(MSBuildThisFileDirectory)..\..\..\..\core\zlib\inffixed.h">
      <Filter>zlib</Filter>
    </ClInclude>
    <ClInclude Include="$(MSBuildThisFileDirectory)..\..\..\..\core\zlib\inflate.h">
      <Filter>zlib</Filter>
    </ClInclude>
    <ClInclude Include="$(MSBuildThisFileDirectory)..\..\..\..\core\zlib\inftrees.h">
      <Filter>zlib</Filter>
    </ClInclude>
    <ClInclude Include="$(MSBuildThisFileDirectory)..\..\..\..\core\zlib\trees.h">
      <Filter>zlib</Filter>
    </ClInclude>
    <ClInclude Include="$(MSBuildThisFileDirectory)..\..\..\..\core\zlib\zconf.h">
      <Filter>zlib</Filter>
    </ClInclude>
    <ClInclude Include="$(MSBuildThisFileDirectory)..\..\..\..\core\zlib\zlib.h">
      <Filter>zlib</Filter>
    </ClInclude>
    <ClInclude Include="$(MSBuildThisFileDirectory)..\..\..\..\core\zlib\zutil.h">
      <Filter>zlib</Filter>
    </ClInclude>
    <ClInclude Include="$(MSBuildThisFileDirectory)..\..\..\..\core\AudioBase.h">
      <Filter>core</Filter>
    </ClInclude>
    <ClInclude Include="$(MSBuildThisFileDirectory)..\..\..\..\core\SoundEffect.h">
      <Filter>core</Filter>
    </ClInclude>
    <ClInclude Include="$(MSBuildThisFileDirectory)..\..\..\..\windows\XAudio.h">
      <Filter>windows</Filter>
    </ClInclude>
    <ClInclude Include="$(MSBuildThisFileDirectory)..\..\..\..\windows\XAudioSound.h">
      <Filter>windows</Filter>
    </ClInclude>
    <ClInclude Include="$(MSBuildThisFileDirectory)..\..\..\..\core\BgBase.h">
      <Filter>core</Filter>
    </ClInclude>
    <ClInclude Include="$(MSBuildThisFileDirectory)..\..\..\..\core\ScreenBase.h">
      <Filter>core</Filter>
    </ClInclude>
    <ClInclude Include="$(MSBuildThisFileDirectory)..\..\..\screen.h" />
    <ClInclude Include="$(MSBuildThisFileDirectory)..\..\..\..\core\PersistBase.h">
      <Filter>core</Filter>
    </ClInclude>
    <ClInclude Include="$(MSBuildThisFileDirectory)..\..\..\..\windows\LocalPersist.h">
      <Filter>windows</Filter>
    </ClInclude>
    <ClInclude Include="$(MSBuildThisFileDirectory)..\..\..\..\core\tinyxml\tinyxml2.h">
      <Filter>tinyxml</Filter>
    </ClInclude>
    <ClInclude Include="$(MSBuildThisFileDirectory)..\..\..\..\core\Font.h">
      <Filter>core</Filter>
    </ClInclude>
    <ClInclude Include="$(MSBuildThisFileDirectory)..\..\..\..\core\PerfMon.h">
      <Filter>core</Filter>
    </ClInclude>
    <ClInclude Include="$(MSBuildThisFileDirectory)..\..\..\..\core\OverlayBase.h">
      <Filter>core</Filter>
    </ClInclude>
    <ClInclude Include="$(MSBuildThisFileDirectory)..\..\..\overlay.h" />
    <ClInclude Include="$(MSBuildThisFileDirectory)..\..\..\..\core\MovieClip.h">
      <Filter>core</Filter>
    </ClInclude>
    <ClInclude Include="$(MSBuildThisFileDirectory)..\..\..\..\core\Controls.h">
      <Filter>core</Filter>
    </ClInclude>
    <ClInclude Include="$(MSBuildThisFileDirectory)..\..\..\..\core\DemoBase.h">
      <Filter>core</Filter>
    </ClInclude>
    <ClInclude Include="$(MSBuildThisFileDirectory)..\..\..\..\core\MigBase.h">
      <Filter>core</Filter>
    </ClInclude>
    <ClInclude Include="$(MSBuildThisFileDirectory)..\..\..\..\core\Dialog.h">
      <Filter>core</Filter>
    </ClInclude>
  </ItemGroup>
  <ItemGroup>
    <ClCompile Include="$(MSBuildThisFileDirectory)pch.cpp" />
    <ClCompile Include="$(MSBuildThisFileDirectory)..\..\..\..\core\AnimList.cpp">
      <Filter>core</Filter>
    </ClCompile>
    <ClCompile Include="$(MSBuildThisFileDirectory)..\..\..\..\core\Matrix.cpp">
      <Filter>core</Filter>
    </ClCompile>
    <ClCompile Include="$(MSBuildThisFileDirectory)..\..\..\..\core\MigGame.cpp">
      <Filter>core</Filter>
    </ClCompile>
    <ClCompile Include="$(MSBuildThisFileDirectory)..\..\..\..\core\MigUtil.cpp">
      <Filter>core</Filter>
    </ClCompile>
    <ClCompile Include="$(MSBuildThisFileDirectory)..\..\..\..\core\Timer.cpp">
      <Filter>core</Filter>
    </ClCompile>
    <ClCompile Include="$(MSBuildThisFileDirectory)..\..\..\..\windows\DxMatrix.cpp">
      <Filter>windows</Filter>
    </ClCompile>
    <ClCompile Include="$(MSBuildThisFileDirectory)..\..\..\..\windows\DxObject.cpp">
      <Filter>windows</Filter>
    </ClCompile>
    <ClCompile Include="$(MSBuildThisFileDirectory)..\..\..\..\windows\DxRender.cpp">
      <Filter>windows</Filter>
    </ClCompile>
    <ClCompile Include="$(MSBuildThisFileDirectory)..\..\..\..\windows\DxShader.cpp">
      <Filter>windows</Filter>
    </ClCompile>
    <ClCompile Include="$(MSBuildThisFileDirectory)..\..\..\..\windows\WinApp.cpp">
      <Filter>windows</Filter>
    </ClCompile>
    <ClCompile Include="$(MSBuildThisFileDirectory)..\..\..\cube.cpp" />
    <ClCompile Include="$(MSBuildThisFileDirectory)..\..\..\main.cpp" />
    <ClCompile Include="$(MSBuildThisFileDirectory)..\..\..\..\windows\Platform.cpp">
      <Filter>windows</Filter>
    </ClCompile>
    <ClCompile Include="$(MSBuildThisFileDirectory)..\..\..\texture.cpp" />
    <ClCompile Include="$(MSBuildThisFileDirectory)..\..\..\..\windows\DxImage.cpp">
      <Filter>windows</Filter>
    </ClCompile>
    <ClCompile Include="$(MSBuildThisFileDirectory)..\..\..\..\core\libjpeg\jaricom.c">
      <Filter>libjpeg</Filter>
    </ClCompile>
    <ClCompile Include="$(MSBuildThisFileDirectory)..\..\..\..\core\libjpeg\jcapimin.c">
      <Filter>libjpeg</Filter>
    </ClCompile>
    <ClCompile Include="$(MSBuildThisFileDirectory)..\..\..\..\core\libjpeg\jcapistd.c">
      <Filter>libjpeg</Filter>
    </ClCompile>
    <ClCompile Include="$(MSBuildThisFileDirectory)..\..\..\..\core\libjpeg\jcarith.c">
      <Filter>libjpeg</Filter>
    </ClCompile>
    <ClCompile Include="$(MSBuildThisFileDirectory)..\..\..\..\core\libjpeg\jccoefct.c">
      <Filter>libjpeg</Filter>
    </ClCompile>
    <ClCompile Include="$(MSBuildThisFileDirectory)..\..\..\..\core\libjpeg\jccolor.c">
      <Filter>libjpeg</Filter>
    </ClCompile>
    <ClCompile Include="$(MSBuildThisFileDirectory)..\..\..\..\core\libjpeg\jcdctmgr.c">
      <Filter>libjpeg</Filter>
    </ClCompile>
    <ClCompile Include="$(MSBuildThisFileDirectory)..\..\..\..\core\libjpeg\jchuff.c">
      <Filter>libjpeg</Filter>
    </ClCompile>
    <ClCompile Include="$(MSBuildThisFileDirectory)..\..\..\..\core\libjpeg\jcinit.c">
      <Filter>libjpeg</Filter>
    </ClCompile>
    <ClCompile Include="$(MSBuildThisFileDirectory)..\..\..\..\core\libjpeg\jcmainct.c">
      <Filter>libjpeg</Filter>
    </ClCompile>
    <ClCompile Include="$(MSBuildThisFileDirectory)..\..\..\..\core\libjpeg\jcmarker.c">
      <Filter>libjpeg</Filter>
    </ClCompile>
    <ClCompile Include="$(MSBuildThisFileDirectory)..\..\..\..\core\libjpeg\jcmaster.c">
      <Filter>libjpeg</Filter>
    </ClCompile>
    <ClCompile Include="$(MSBuildThisFileDirectory)..\..\..\..\core\libjpeg\jcomapi.c">
      <Filter>libjpeg</Filter>
    </ClCompile>
    <ClCompile Include="$(MSBuildThisFileDirectory)..\..\..\..\core\libjpeg\jcparam.c">
      <Filter>libjpeg</Filter>
    </ClCompile>
    <ClCompile Include="$(MSBuildThisFileDirectory)..\..\..\..\core\libjpeg\jcprepct.c">
      <Filter>libjpeg</Filter>
    </ClCompile>
    <ClCompile Include="$(MSBuildThisFileDirectory)..\..\..\..\core\libjpeg\jcsample.c">
      <Filter>libjpeg</Filter>
    </ClCompile>
    <ClCompile Include="$(MSBuildThisFileDirectory)..\..\..\..\core\libjpeg\jctrans.c">
      <Filter>libjpeg</Filter>
    </ClCompile>
    <ClCompile Include="$(MSBuildThisFileDirectory)..\..\..\..\core\libjpeg\jdapimin.c">
      <Filter>libjpeg</Filter>
    </ClCompile>
    <ClCompile Include="$(MSBuildThisFileDirectory)..\..\..\..\core\libjpeg\jdapistd.c">
      <Filter>libjpeg</Filter>
    </ClCompile>
    <ClCompile Include="$(MSBuildThisFileDirectory)..\..\..\..\core\libjpeg\jdarith.c">
      <Filter>libjpeg</Filter>
    </ClCompile>
    <ClCompile Include="$(MSBuildThisFileDirectory)..\..\..\..\core\libjpeg\jdatadst.c">
      <Filter>libjpeg</Filter>
    </ClCompile>
    <ClCompile Include="$(MSBuildThisFileDirectory)..\..\..\..\core\libjpeg\jdatasrc.c">
      <Filter>libjpeg</Filter>
    </ClCompile>
    <ClCompile Include="$(MSBuildThisFileDirectory)..\..\..\..\core\libjpeg\jdcoefct.c">
      <Filter>libjpeg</Filter>
    </ClCompile>
    <ClCompile Include="$(MSBuildThisFileDirectory)..\..\..\..\core\libjpeg\jdcolor.c">
      <Filter>libjpeg</Filter>
    </ClCompile>
    <ClCompile Include="$(MSBuildThisFileDirectory)..\..\..\..\core\libjpeg\jddctmgr.c">
      <Filter>libjpeg</Filter>
    </ClCompile>
    <ClCompile Include="$(MSBuildThisFileDirectory)..\..\..\..\core\libjpeg\jdhuff.c">
      <Filter>libjpeg</Filter>
    </ClCompile>
    <ClCompile Include="$(MSBuildThisFileDirectory)..\..\..\..\core\libjpeg\jdinput.c">
      <Filter>libjpeg</Filter>
    </ClCompile>
    <ClCompile Include="$(MSBuildThisFileDirectory)..\..\..\..\core\libjpeg\jdmainct.c">
      <Filter>libjpeg</Filter>
    </ClCompile>
    <ClCompile Include="$(MSBuildThisFileDirectory)..\..\..\..\core\libjpeg\jdmarker.c">
      <Filter>libjpeg</Filter>
    </ClCompile>
    <ClCompile Include="$(MSBuildThisFileDirectory)..\..\..\..\core\libjpeg\jdmaster.c">
      <Filter>libjpeg</Filter>
    </ClCompile>
    <ClCompile Include="$(MSBuildThisFileDirectory)..\..\..\..\core\libjpeg\jdmerge.c">
      <Filter>libjpeg</Filter>
    </ClCompile>
    <ClCompile Include="$(MSBuildThisFileDirectory)..\..\..\..\core\libjpeg\jdpostct.c">
      <Filter>libjpeg</Filter>
    </ClCompile>
    <ClCompile Include="$(MSBuildThisFileDirectory)..\..\..\..\core\libjpeg\jdsample.c">
      <Filter>libjpeg</Filter>
    </ClCompile>
    <ClCompile Include="$(MSBuildThisFileDirectory)..\..\..\..\core\libjpeg\jdtrans.c">
      <Filter>libjpeg</Filter>
    </ClCompile>
    <ClCompile Include="$(MSBuildThisFileDirectory)..\..\..\..\core\libjpeg\jerror.c">
      <Filter>libjpeg</Filter>
    </ClCompile>
    <ClCompile Include="$(MSBuildThisFileDirectory)..\..\..\..\core\libjpeg\jfdctflt.c">
      <Filter>libjpeg</Filter>
    </ClCompile>
    <ClCompile Include="$(MSBuildThisFileDirectory)..\..\..\..\core\libjpeg\jfdctfst.c">
      <Filter>libjpeg</Filter>
    </ClCompile>
    <ClCompile Include="$(MSBuildThisFileDirectory)..\..\..\..\core\libjpeg\jfdctint.c">
      <Filter>libjpeg</Filter>
    </ClCompile>
    <ClCompile Include="$(MSBuildThisFileDirectory)..\..\..\..\core\libjpeg\jidctflt.c">
      <Filter>libjpeg</Filter>
    </ClCompile>
    <ClCompile Include="$(MSBuildThisFileDirectory)..\..\..\..\core\libjpeg\jidctfst.c">
      <Filter>libjpeg</Filter>
    </ClCompile>
    <ClCompile Include="$(MSBuildThisFileDirectory)..\..\..\..\core\libjpeg\jidctint.c">
      <Filter>libjpeg</Filter>
    </ClCompile>
    <ClCompile Include="$(MSBuildThisFileDirectory)..\..\..\..\core\libjpeg\jmemmgr.c">
      <Filter>libjpeg</Filter>
    </ClCompile>
    <ClCompile Include="$(MSBuildThisFileDirectory)..\..\..\..\core\libjpeg\jmemnobs.c">
      <Filter>libjpeg</Filter>
    </ClCompile>
    <ClCompile Include="$(MSBuildThisFileDirectory)..\..\..\..\core\libjpeg\jquant1.c">
      <Filter>libjpeg</Filter>
    </ClCompile>
    <ClCompile Include="$(MSBuildThisFileDirectory)..\..\..\..\core\libjpeg\jquant2.c">
      <Filter>libjpeg</Filter>
    </ClCompile>
    <ClCompile Include="$(MSBuildThisFileDirectory)..\..\..\..\core\libjpeg\jutils.c">
      <Filter>libjpeg</Filter>
    </ClCompile>
    <ClCompile Include="$(MSBuildThisFileDirectory)..\..\..\..\core\libpng\png.c">
      <Filter>libpng</Filter>
    </ClCompile>
    <ClCompile Include="$(MSBuildThisFileDirectory)..\..\..\..\core\libpng\pngerror.c">
      <Filter>libpng</Filter>
    </ClCompile>
    <ClCompile Include="$(MSBuildThisFileDirectory)..\..\..\..\core\libpng\pngget.c">
      <Filter>libpng</Filter>
    </ClCompile>
    <ClCompile Include="$(MSBuildThisFileDirectory)..\..\..\..\core\libpng\pngmem.c">
      <Filter>libpng</Filter>
    </ClCompile>
    <ClCompile Include="$(MSBuildThisFileDirectory)..\..\..\..\core\libpng\pngpread.c">
      <Filter>libpng</Filter>
    </ClCompile>
    <ClCompile Include="$(MSBuildThisFileDirectory)..\..\..\..\core\libpng\pngread.c">
      <Filter>libpng</Filter>
    </ClCompile>
    <ClCompile Include="$(MSBuildThisFileDirectory)..\..\..\..\core\libpng\pngrio.c">
      <Filter>libpng</Filter>
    </ClCompile>
    <ClCompile Include="$(MSBuildThisFileDirectory)..\..\..\..\core\libpng\pngrtran.c">
      <Filter>libpng</Filter>
    </ClCompile>
    <ClCompile Include="$(MSBuildThisFileDirectory)..\..\..\..\core\libpng\pngrutil.c">
      <Filter>libpng</Filter>
    </ClCompile>
    <ClCompile Include="$(MSBuildThisFileDirectory)..\..\..\..\core\libpng\pngset.c">
      <Filter>libpng</Filter>
    </ClCompile>
    <ClCompile Include="$(MSBuildThisFileDirectory)..\..\..\..\core\libpng\pngtrans.c">
      <Filter>libpng</Filter>
    </ClCompile>
    <ClCompile Include="$(MSBuildThisFileDirectory)..\..\..\..\core\libpng\pngwio.c">
      <Filter>libpng</Filter>
    </ClCompile>
    <ClCompile Include="$(MSBuildThisFileDirectory)..\..\..\..\core\libpng\pngwrite.c">
      <Filter>libpng</Filter>
    </ClCompile>
    <ClCompile Include="$(MSBuildThisFileDirectory)..\..\..\..\core\libpng\pngwtran.c">
      <Filter>libpng</Filter>
    </ClCompile>
    <ClCompile Include="$(MSBuildThisFileDirectory)..\..\..\..\core\libpng\pngwutil.c">
      <Filter>libpng</Filter>
    </ClCompile>
    <ClCompile Include="$(MSBuildThisFileDirectory)..\..\..\..\core\zlib\adler32.c">
      <Filter>zlib</Filter>
    </ClCompile>
    <ClCompile Include="$(MSBuildThisFileDirectory)..\..\..\..\core\zlib\compress.c">
      <Filter>zlib</Filter>
    </ClCompile>
    <ClCompile Include="$(MSBuildThisFileDirectory)..\..\..\..\core\zlib\crc32.c">
      <Filter>zlib</Filter>
    </ClCompile>
    <ClCompile Include="$(MSBuildThisFileDirectory)..\..\..\..\core\zlib\deflate.c">
      <Filter>zlib</Filter>
    </ClCompile>
    <ClCompile Include="$(MSBuildThisFileDirectory)..\..\..\..\core\zlib\gzclose.c">
      <Filter>zlib</Filter>
    </ClCompile>
    <ClCompile Include="$(MSBuildThisFileDirectory)..\..\..\..\core\zlib\gzlib.c">
      <Filter>zlib</Filter>
    </ClCompile>
    <ClCompile Include="$(MSBuildThisFileDirectory)..\..\..\..\core\zlib\gzread.c">
      <Filter>zlib</Filter>
    </ClCompile>
    <ClCompile Include="$(MSBuildThisFileDirectory)..\..\..\..\core\zlib\gzwrite.c">
      <Filter>zlib</Filter>
    </ClCompile>
    <ClCompile Include="$(MSBuildThisFileDirectory)..\..\..\..\core\zlib\infback.c">
      <Filter>zlib</Filter>
    </ClCompile>
    <ClCompile Include="$(MSBuildThisFileDirectory)..\..\..\..\core\zlib\inffast.c">
      <Filter>zlib</Filter>
    </ClCompile>
    <ClCompile Include="$(MSBuildThisFileDirectory)..\..\..\..\core\zlib\inflate.c">
      <Filter>zlib</Filter>
    </ClCompile>
    <ClCompile Include="$(MSBuildThisFileDirectory)..\..\..\..\core\zlib\inftrees.c">
      <Filter>zlib</Filter>
    </ClCompile>
    <ClCompile Include="$(MSBuildThisFileDirectory)..\..\..\..\core\zlib\trees.c">
      <Filter>zlib</Filter>
    </ClCompile>
    <ClCompile Include="$(MSBuildThisFileDirectory)..\..\..\..\core\zlib\uncompr.c">
      <Filter>zlib</Filter>
    </ClCompile>
    <ClCompile Include="$(MSBuildThisFileDirectory)..\..\..\..\core\zlib\zutil.c">
      <Filter>zlib</Filter>
    </ClCompile>
    <ClCompile Include="$(MSBuildThisFileDirectory)..\..\..\..\windows\XAudio.cpp">
      <Filter>windows</Filter>
    </ClCompile>
    <ClCompile Include="$(MSBuildThisFileDirectory)..\..\..\..\windows\XAudioSound.cpp">
      <Filter>windows</Filter>
    </ClCompile>
    <ClCompile Include="$(MSBuildThisFileDirectory)..\..\..\..\core\BgBase.cpp">
      <Filter>core</Filter>
    </ClCompile>
    <ClCompile Include="$(MSBuildThisFileDirectory)..\..\..\..\core\ScreenBase.cpp">
      <Filter>core</Filter>
    </ClCompile>
    <ClCompile Include="$(MSBuildThisFileDirectory)..\..\..\screen.cpp" />
    <ClCompile Include="$(MSBuildThisFileDirectory)..\..\..\..\windows\LocalPersist.cpp">
      <Filter>windows</Filter>
    </ClCompile>
    <ClCompile Include="$(MSBuildThisFileDirectory)..\..\..\..\core\tinyxml\tinyxml2.cpp">
      <Filter>tinyxml</Filter>
    </ClCompile>
    <ClCompile Include="$(MSBuildThisFileDirectory)..\..\..\..\core\PersistBase.cpp">
      <Filter>core</Filter>
    </ClCompile>
    <ClCompile Include="$(MSBuildThisFileDirectory)..\..\..\..\core\Font.cpp">
      <Filter>core</Filter>
    </ClCompile>
    <ClCompile Include="$(MSBuildThisFileDirectory)..\..\..\..\core\PerfMon.cpp">
      <Filter>core</Filter>
    </ClCompile>
    <ClCompile Include="$(MSBuildThisFileDirectory)..\..\..\..\core\OverlayBase.cpp">
      <Filter>core</Filter>
    </ClCompile>
    <ClCompile Include="$(MSBuildThisFileDirectory)..\..\..\overlay.cpp" />
    <ClCompile Include="$(MSBuildThisFileDirectory)..\..\..\..\core\MovieClip.cpp">
      <Filter>core</Filter>
    </ClCompile>
    <ClCompile Include="$(MSBuildThisFileDirectory)..\..\..\..\core\Controls.cpp">
      <Filter>core</Filter>
    </ClCompile>
    <ClCompile Include="$(MSBuildThisFileDirectory)..\..\..\..\core\AudioBase.cpp">
      <Filter>core</Filter>
    </ClCompile>
    <ClCompile Include="$(MSBuildThisFileDirectory)..\..\..\..\core\DemoBase.cpp">
      <Filter>core</Filter>
    </ClCompile>
    <ClCompile Include="$(MSBuildThisFileDirectory)..\..\..\..\core\MigBase.cpp">
      <Filter>core</Filter>
    </ClCompile>
    <ClCompile Include="$(MSBuildThisFileDirectory)..\..\..\..\core\RenderBase.cpp">
      <Filter>core</Filter>
    </ClCompile>
    <ClCompile Include="$(MSBuildThisFileDirectory)..\..\..\..\core\Dialog.cpp">
      <Filter>core</Filter>
    </ClCompile>
  </ItemGroup>
  <ItemGroup>
    <FxCompile Include="$(MSBuildThisFileDirectory)content\SamplePixelShader.hlsl">
      <Filter>shaders</Filter>
    </FxCompile>
    <FxCompile Include="$(MSBuildThisFileDirectory)content\SampleVertexShader.hlsl">
      <Filter>shaders</Filter>
    </FxCompile>
    <FxCompile Include="$(MSBuildThisFileDirectory)content\TexturePixelShader.hlsl">
      <Filter>shaders</Filter>
    </FxCompile>
    <FxCompile Include="$(MSBuildThisFileDirectory)content\TextureVertexShader.hlsl">
      <Filter>shaders</Filter>
    </FxCompile>
    <FxCompile Include="$(MSBuildThisFileDirectory)..\..\..\..\windows\shaders\mtps_Color.hlsl">
      <Filter>shaders</Filter>
    </FxCompile>
    <FxCompile Include="$(MSBuildThisFileDirectory)..\..\..\..\windows\shaders\mtps_Tex.hlsl">
      <Filter>shaders</Filter>
    </FxCompile>
    <FxCompile Include="$(MSBuildThisFileDirectory)..\..\..\..\windows\shaders\mtvs_PosNoTransform.hlsl">
      <Filter>shaders</Filter>
    </FxCompile>
    <FxCompile Include="$(MSBuildThisFileDirectory)..\..\..\..\windows\shaders\mtvs_PosTexNoTransform.hlsl">
      <Filter>shaders</Filter>
    </FxCompile>
    <FxCompile Include="$(MSBuildThisFileDirectory)..\..\..\..\windows\shaders\mtvs_PosTexTransform.hlsl">
      <Filter>shaders</Filter>
    </FxCompile>
    <FxCompile Include="$(MSBuildThisFileDirectory)..\..\..\..\windows\shaders\mtvs_PosTransform.hlsl">
      <Filter>shaders</Filter>
    </FxCompile>
    <FxCompile Include="$(MSBuildThisFileDirectory)..\..\..\..\windows\shaders\mtps_TexAlpha.hlsl">
      <Filter>shaders</Filter>
    </FxCompile>
  </ItemGroup>
  <ItemGroup>
    <Filter Include="core">
      <UniqueIdentifier>{bb86ac83-0d39-4536-a083-27f6d8530df9}</UniqueIdentifier>
    </Filter>
    <Filter Include="windows">
      <UniqueIdentifier>{bb226324-1450-4ff6-b27a-f08f3d845bd9}</UniqueIdentifier>
    </Filter>
    <Filter Include="shaders">
      <UniqueIdentifier>{7b936f38-9f47-49da-9467-4d7e97e169e9}</UniqueIdentifier>
    </Filter>
    <Filter Include="assets">
      <UniqueIdentifier>{7cb20add-8f4e-4b7c-bde4-2c444e0e2e35}</UniqueIdentifier>
    </Filter>
    <Filter Include="libpng">
      <UniqueIdentifier>{3647db49-44cb-4e00-b220-84270f6a7ab4}</UniqueIdentifier>
    </Filter>
    <Filter Include="libjpeg">
      <UniqueIdentifier>{5233c780-8cfc-4428-bf99-dcb274f7646a}</UniqueIdentifier>
    </Filter>
    <Filter Include="zlib">
      <UniqueIdentifier>{2c674722-add0-401b-89b4-f3c44dd0c782}</UniqueIdentifier>
    </Filter>
    <Filter Include="tinyxml">
      <UniqueIdentifier>{0912f68d-a4e2-4ab4-926e-33c6f3112676}</UniqueIdentifier>
    </Filter>
  </ItemGroup>
  <ItemGroup>
    <Image Include="$(MSBuildThisFileDirectory)..\..\..\content\marv.jpg">
      <Filter>assets</Filter>
    </Image>
    <Image Include="$(MSBuildThisFileDirectory)..\..\..\content\pngtest.png">
      <Filter>assets</Filter>
    </Image>
    <Image Include="$(MSBuildThisFileDirectory)..\..\..\content\splash.png">
      <Filter>assets</Filter>
    </Image>
    <Image Include="$(MSBuildThisFileDirectory)..\..\..\content\font_square721.png">
      <Filter>assets</Filter>
    </Image>
    <Image Include="$(MSBuildThisFileDirectory)..\..\..\content\checkbox.png">
      <Filter>assets</Filter>
    </Image>
    <Image Include="$(MSBuildThisFileDirectory)..\..\..\content\slider_bg.png">
      <Filter>assets</Filter>
    </Image>
    <Image Include="$(MSBuildThisFileDirectory)..\..\..\content\slider.png">
      <Filter>assets</Filter>
    </Image>
    <Image Include="$(MSBuildThisFileDirectory)..\..\..\content\startbtn.png">
      <Filter>assets</Filter>
    </Image>
    <Image Include="$(MSBuildThisFileDirectory)..\..\..\content\gameover1.jpg">
      <Filter>assets</Filter>
    </Image>
    <Image Include="$(MSBuildThisFileDirectory)..\..\..\content\gameover2.jpg">
      <Filter>assets</Filter>
    </Image>
  </ItemGroup>
  <ItemGroup>
    <Media Include="$(MSBuildThisFileDirectory)..\..\..\content\match.wav">
      <Filter>assets</Filter>
    </Media>
  </ItemGroup>
  <ItemGroup>
    <Xml Include="$(MSBuildThisFileDirectory)..\..\..\content\script2.xml">
      <Filter>assets</Filter>
    </Xml>
    <Xml Include="$(MSBuildThisFileDirectory)..\..\..\content\font_square721_cfg.xml">
      <Filter>assets</Filter>
    </Xml>
    <Xml Include="$(MSBuildThisFileDirectory)..\..\..\content\TestScreen.xml">
      <Filter>assets</Filter>
    </Xml>
    <Xml Include="$(MSBuildThisFileDirectory)..\..\..\content\TestOverlay.xml">
      <Filter>assets</Filter>
    </Xml>
    <Xml Include="$(MSBuildThisFileDirectory)..\..\..\content\strings.xml">
      <Filter>assets</Filter>
    </Xml>
    <Xml Include="$(MSBuildThisFileDirectory)..\..\..\content\testgame.xml">
      <Filter>assets</Filter>
    </Xml>
  </ItemGroup>
</Project>